
Microsoft Visual Studio Solution File, Format Version 12.00
# Visual Studio Version 16
VisualStudioVersion = 16.6.30114.105
MinimumVisualStudioVersion = 10.0.40219.1
Project("{FAE04EC0-301F-11D3-BF4B-00C04F79EFBC}") = "lib", "lib\lib.csproj", "{427548B9-8F6C-4507-845B-B5857DD39585}"
EndProject
Project("{FAE04EC0-301F-11D3-BF4B-00C04F79EFBC}") = "test", "test\test.csproj", "{CEDA8DAD-EF1F-4D86-B684-6E40DFB2F1BC}"
EndProject
Project("{FAE04EC0-301F-11D3-BF4B-00C04F79EFBC}") = "web", "web\web.csproj", "{46186FB6-D07C-4DD7-8C15-70E8A26FAE85}"
EndProject
Global
	GlobalSection(SolutionConfigurationPlatforms) = preSolution
		Debug|Any CPU = Debug|Any CPU
		Debug|x64 = Debug|x64
		Debug|x86 = Debug|x86
		Release|Any CPU = Release|Any CPU
		Release|x64 = Release|x64
		Release|x86 = Release|x86
	EndGlobalSection
	GlobalSection(SolutionProperties) = preSolution
		HideSolutionNode = FALSE
	EndGlobalSection
	GlobalSection(ProjectConfigurationPlatforms) = postSolution
		{427548B9-8F6C-4507-845B-B5857DD39585}.Debug|Any CPU.ActiveCfg = Debug|Any CPU
		{427548B9-8F6C-4507-845B-B5857DD39585}.Debug|Any CPU.Build.0 = Debug|Any CPU
		{427548B9-8F6C-4507-845B-B5857DD39585}.Debug|x64.ActiveCfg = Debug|Any CPU
		{427548B9-8F6C-4507-845B-B5857DD39585}.Debug|x64.Build.0 = Debug|Any CPU
		{427548B9-8F6C-4507-845B-B5857DD39585}.Debug|x86.ActiveCfg = Debug|Any CPU
		{427548B9-8F6C-4507-845B-B5857DD39585}.Debug|x86.Build.0 = Debug|Any CPU
		{427548B9-8F6C-4507-845B-B5857DD39585}.Release|Any CPU.ActiveCfg = Release|Any CPU
		{427548B9-8F6C-4507-845B-B5857DD39585}.Release|Any CPU.Build.0 = Release|Any CPU
		{427548B9-8F6C-4507-845B-B5857DD39585}.Release|x64.ActiveCfg = Release|Any CPU
		{427548B9-8F6C-4507-845B-B5857DD39585}.Release|x64.Build.0 = Release|Any CPU
		{427548B9-8F6C-4507-845B-B5857DD39585}.Release|x86.ActiveCfg = Release|Any CPU
		{427548B9-8F6C-4507-845B-B5857DD39585}.Release|x86.Build.0 = Release|Any CPU
		{CEDA8DAD-EF1F-4D86-B684-6E40DFB2F1BC}.Debug|Any CPU.ActiveCfg = Debug|Any CPU
		{CEDA8DAD-EF1F-4D86-B684-6E40DFB2F1BC}.Debug|Any CPU.Build.0 = Debug|Any CPU
		{CEDA8DAD-EF1F-4D86-B684-6E40DFB2F1BC}.Debug|x64.ActiveCfg = Debug|Any CPU
		{CEDA8DAD-EF1F-4D86-B684-6E40DFB2F1BC}.Debug|x64.Build.0 = Debug|Any CPU
		{CEDA8DAD-EF1F-4D86-B684-6E40DFB2F1BC}.Debug|x86.ActiveCfg = Debug|Any CPU
		{CEDA8DAD-EF1F-4D86-B684-6E40DFB2F1BC}.Debug|x86.Build.0 = Debug|Any CPU
		{CEDA8DAD-EF1F-4D86-B684-6E40DFB2F1BC}.Release|Any CPU.ActiveCfg = Release|Any CPU
		{CEDA8DAD-EF1F-4D86-B684-6E40DFB2F1BC}.Release|Any CPU.Build.0 = Release|Any CPU
		{CEDA8DAD-EF1F-4D86-B684-6E40DFB2F1BC}.Release|x64.ActiveCfg = Release|Any CPU
		{CEDA8DAD-EF1F-4D86-B684-6E40DFB2F1BC}.Release|x64.Build.0 = Release|Any CPU
		{CEDA8DAD-EF1F-4D86-B684-6E40DFB2F1BC}.Release|x86.ActiveCfg = Release|Any CPU
		{CEDA8DAD-EF1F-4D86-B684-6E40DFB2F1BC}.Release|x86.Build.0 = Release|Any CPU
		{46186FB6-D07C-4DD7-8C15-70E8A26FAE85}.Debug|Any CPU.ActiveCfg = Debug|Any CPU
		{46186FB6-D07C-4DD7-8C15-70E8A26FAE85}.Debug|Any CPU.Build.0 = Debug|Any CPU
		{46186FB6-D07C-4DD7-8C15-70E8A26FAE85}.Debug|x64.ActiveCfg = Debug|Any CPU
		{46186FB6-D07C-4DD7-8C15-70E8A26FAE85}.Debug|x64.Build.0 = Debug|Any CPU
		{46186FB6-D07C-4DD7-8C15-70E8A26FAE85}.Debug|x86.ActiveCfg = Debug|Any CPU
		{46186FB6-D07C-4DD7-8C15-70E8A26FAE85}.Debug|x86.Build.0 = Debug|Any CPU
		{46186FB6-D07C-4DD7-8C15-70E8A26FAE85}.Release|Any CPU.ActiveCfg = Release|Any CPU
		{46186FB6-D07C-4DD7-8C15-70E8A26FAE85}.Release|Any CPU.Build.0 = Release|Any CPU
		{46186FB6-D07C-4DD7-8C15-70E8A26FAE85}.Release|x64.ActiveCfg = Release|Any CPU
		{46186FB6-D07C-4DD7-8C15-70E8A26FAE85}.Release|x64.Build.0 = Release|Any CPU
		{46186FB6-D07C-4DD7-8C15-70E8A26FAE85}.Release|x86.ActiveCfg = Release|Any CPU
		{46186FB6-D07C-4DD7-8C15-70E8A26FAE85}.Release|x86.Build.0 = Release|Any CPU
	EndGlobalSection
EndGlobal
